
Microsoft Visual Studio Solution File, Format Version 12.00
# Visual Studio Version 17
VisualStudioVersion = 17.0.31903.59
MinimumVisualStudioVersion = 10.0.40219.1
Project("{FAE04EC0-301F-11D3-BF4B-00C04F79EFBC}") = "UrlShortener.Backend", "UrlShortener.Backend\UrlShortener.Backend.csproj", "{DB247E69-7949-4FE0-B8AA-7661DEEB7978}"
EndProject
Project("{FAE04EC0-301F-11D3-BF4B-00C04F79EFBC}") = "UrlShortener.Web", "UrlShortener.Web\UrlShortener.Web.csproj", "{69103BF0-B3D5-4DF5-A9A0-A4BB09740109}"
EndProject
Global
	GlobalSection(SolutionConfigurationPlatforms) = preSolution
		Debug|Any CPU = Debug|Any CPU
		Release|Any CPU = Release|Any CPU
	EndGlobalSection
	GlobalSection(SolutionProperties) = preSolution
		HideSolutionNode = FALSE
	EndGlobalSection
	GlobalSection(ProjectConfigurationPlatforms) = postSolution
		{DB247E69-7949-4FE0-B8AA-7661DEEB7978}.Debug|Any CPU.ActiveCfg = Debug|Any CPU
		{DB247E69-7949-4FE0-B8AA-7661DEEB7978}.Debug|Any CPU.Build.0 = Debug|Any CPU
		{DB247E69-7949-4FE0-B8AA-7661DEEB7978}.Release|Any CPU.ActiveCfg = Release|Any CPU
		{DB247E69-7949-4FE0-B8AA-7661DEEB7978}.Release|Any CPU.Build.0 = Release|Any CPU
		{69103BF0-B3D5-4DF5-A9A0-A4BB09740109}.Debug|Any CPU.ActiveCfg = Debug|Any CPU
		{69103BF0-B3D5-4DF5-A9A0-A4BB09740109}.Debug|Any CPU.Build.0 = Debug|Any CPU
		{69103BF0-B3D5-4DF5-A9A0-A4BB09740109}.Release|Any CPU.ActiveCfg = Release|Any CPU
		{69103BF0-B3D5-4DF5-A9A0-A4BB09740109}.Release|Any CPU.Build.0 = Release|Any CPU
	EndGlobalSection
EndGlobal
